# THIS IS AN AUTOGENERATED FILE. DO NOT EDIT THIS FILE DIRECTLY.
# yarn lockfile v1


"confusing-browser-globals@^1.0.10":
  "integrity" "sha512-JsPKdmh8ZkmnHxDk55FZ1TqVLvEQTvoByJZRN9jzI0UjxK/QgAmsphz7PGtqgPieQZ/CQcHWXCR7ATDNhGe+YA=="
  "resolved" "https://registry.npmjs.org/confusing-browser-globals/-/confusing-browser-globals-1.0.11.tgz"
  "version" "1.0.11"

"eslint-config-react-app@6":
  "integrity" "sha512-bpoAAC+YRfzq0dsTk+6v9aHm/uqnDwayNAXleMypGl6CpxI9oXXscVHo4fk3eJPIn+rsbtNetB4r/ZIidFIE8A=="
  "resolved" "https://registry.npmjs.org/eslint-config-react-app/-/eslint-config-react-app-6.0.0.tgz"
  "version" "6.0.0"
  dependencies:
    "confusing-browser-globals" "^1.0.10"
